
Microsoft Visual Studio Solution File, Format Version 12.00
# Visual Studio 2012
Project("{FAE04EC0-301F-11D3-BF4B-00C04F79EFBC}") = "KidsGames", "src\KidsGames\KidsGames.csproj", "{1992C36A-E947-4909-9D26-FB9552563AA7}"
EndProject
Project("{FAE04EC0-301F-11D3-BF4B-00C04F79EFBC}") = "MasterMind.Logic", "src\MasterMind\MasterMind.Logic\MasterMind.Logic.csproj", "{F8BB8E1B-1D53-41A7-B89C-7791790086EF}"
EndProject
Project("{FAE04EC0-301F-11D3-BF4B-00C04F79EFBC}") = "MasterMind.Tests", "test\MasterMind.Tests\MasterMind.Tests.csproj", "{BC8043F8-D94B-4CB0-AA1B-9543FB7CBCD2}"
EndProject
Project("{FAE04EC0-301F-11D3-BF4B-00C04F79EFBC}") = "MasterMind.Web", "src\MasterMind\MasterMind.Web\MasterMind.Web.csproj", "{6BF2F446-DA32-475C-AE6D-93136AA86A7A}"
EndProject
Project("{2150E333-8FDC-42A3-9474-1A3956D46DE8}") = "src", "src", "{39EDFA67-70EC-4737-9D38-1C0C6C1B6C47}"
EndProject
Project("{2150E333-8FDC-42A3-9474-1A3956D46DE8}") = "MasterMind", "MasterMind", "{583AABD4-D1BA-4326-B680-802016F16CF6}"
EndProject
Project("{2150E333-8FDC-42A3-9474-1A3956D46DE8}") = "test", "test", "{2382690D-AB61-49B6-A2FE-2400CFCC17D8}"
EndProject
Global
	GlobalSection(SolutionConfigurationPlatforms) = preSolution
		Debug|Any CPU = Debug|Any CPU
		Release|Any CPU = Release|Any CPU
	EndGlobalSection
	GlobalSection(ProjectConfigurationPlatforms) = postSolution
		{1992C36A-E947-4909-9D26-FB9552563AA7}.Debug|Any CPU.ActiveCfg = Debug|Any CPU
		{1992C36A-E947-4909-9D26-FB9552563AA7}.Debug|Any CPU.Build.0 = Debug|Any CPU
		{1992C36A-E947-4909-9D26-FB9552563AA7}.Release|Any CPU.ActiveCfg = Release|Any CPU
		{1992C36A-E947-4909-9D26-FB9552563AA7}.Release|Any CPU.Build.0 = Release|Any CPU
		{F8BB8E1B-1D53-41A7-B89C-7791790086EF}.Debug|Any CPU.ActiveCfg = Debug|Any CPU
		{F8BB8E1B-1D53-41A7-B89C-7791790086EF}.Debug|Any CPU.Build.0 = Debug|Any CPU
		{F8BB8E1B-1D53-41A7-B89C-7791790086EF}.Release|Any CPU.ActiveCfg = Release|Any CPU
		{F8BB8E1B-1D53-41A7-B89C-7791790086EF}.Release|Any CPU.Build.0 = Release|Any CPU
		{BC8043F8-D94B-4CB0-AA1B-9543FB7CBCD2}.Debug|Any CPU.ActiveCfg = Debug|Any CPU
		{BC8043F8-D94B-4CB0-AA1B-9543FB7CBCD2}.Debug|Any CPU.Build.0 = Debug|Any CPU
		{BC8043F8-D94B-4CB0-AA1B-9543FB7CBCD2}.Release|Any CPU.ActiveCfg = Release|Any CPU
		{BC8043F8-D94B-4CB0-AA1B-9543FB7CBCD2}.Release|Any CPU.Build.0 = Release|Any CPU
		{6BF2F446-DA32-475C-AE6D-93136AA86A7A}.Debug|Any CPU.ActiveCfg = Debug|Any CPU
		{6BF2F446-DA32-475C-AE6D-93136AA86A7A}.Debug|Any CPU.Build.0 = Debug|Any CPU
		{6BF2F446-DA32-475C-AE6D-93136AA86A7A}.Release|Any CPU.ActiveCfg = Release|Any CPU
		{6BF2F446-DA32-475C-AE6D-93136AA86A7A}.Release|Any CPU.Build.0 = Release|Any CPU
	EndGlobalSection
	GlobalSection(NestedProjects) = preSolution
		{1992C36A-E947-4909-9D26-FB9552563AA7} = {39EDFA67-70EC-4737-9D38-1C0C6C1B6C47}
		{583AABD4-D1BA-4326-B680-802016F16CF6} = {39EDFA67-70EC-4737-9D38-1C0C6C1B6C47}
		{F8BB8E1B-1D53-41A7-B89C-7791790086EF} = {583AABD4-D1BA-4326-B680-802016F16CF6}
		{6BF2F446-DA32-475C-AE6D-93136AA86A7A} = {583AABD4-D1BA-4326-B680-802016F16CF6}
		{BC8043F8-D94B-4CB0-AA1B-9543FB7CBCD2} = {2382690D-AB61-49B6-A2FE-2400CFCC17D8}
	EndGlobalSection
EndGlobal
